
Microsoft Visual Studio Solution File, Format Version 12.00
# Visual Studio 15
VisualStudioVersion = 15.0.28307.572
MinimumVisualStudioVersion = 10.0.40219.1
Project("{FAE04EC0-301F-11D3-BF4B-00C04F79EFBC}") = "SammysAuto", "SammysAuto\SammysAuto.csproj", "{527A11B4-93C3-4708-A068-D8E595A0B134}"
EndProject
Global
	GlobalSection(SolutionConfigurationPlatforms) = preSolution
		Debug|Any CPU = Debug|Any CPU
		Release|Any CPU = Release|Any CPU
	EndGlobalSection
	GlobalSection(ProjectConfigurationPlatforms) = postSolution
		{527A11B4-93C3-4708-A068-D8E595A0B134}.Debug|Any CPU.ActiveCfg = Debug|Any CPU
		{527A11B4-93C3-4708-A068-D8E595A0B134}.Debug|Any CPU.Build.0 = Debug|Any CPU
		{527A11B4-93C3-4708-A068-D8E595A0B134}.Release|Any CPU.ActiveCfg = Release|Any CPU
		{527A11B4-93C3-4708-A068-D8E595A0B134}.Release|Any CPU.Build.0 = Release|Any CPU
	EndGlobalSection
	GlobalSection(SolutionProperties) = preSolution
		HideSolutionNode = FALSE
	EndGlobalSection
	GlobalSection(ExtensibilityGlobals) = postSolution
		SolutionGuid = {F446FA07-1713-4F88-A8BE-A6826B1DBC79}
	EndGlobalSection
EndGlobal
